
Microsoft Visual Studio Solution File, Format Version 12.00
# Visual Studio 2012
Project("{2150E333-8FDC-42A3-9474-1A3956D46DE8}") = "UI", "UI", "{917FFD53-A623-4A22-86A0-4C316FBE67EC}"
EndProject
Project("{2150E333-8FDC-42A3-9474-1A3956D46DE8}") = "Model", "Model", "{74DA7A5B-CEC1-4A69-8036-31859A421BEA}"
EndProject
Project("{2150E333-8FDC-42A3-9474-1A3956D46DE8}") = "DAL", "DAL", "{2EA10A4C-26F6-41BF-BC4F-AAA4D892E73A}"
EndProject
Project("{2150E333-8FDC-42A3-9474-1A3956D46DE8}") = "BLL", "BLL", "{2742C2CD-D25C-4F79-8DB4-00C3F1F2AB78}"
EndProject
Project("{2150E333-8FDC-42A3-9474-1A3956D46DE8}") = "Common", "Common", "{1EA4D8D8-6357-4521-A7F2-B397B958812E}"
EndProject
Project("{FAE04EC0-301F-11D3-BF4B-00C04F79EFBC}") = "ShopMobile", "ShopMobile\ShopMobile.csproj", "{AC0082AC-5E07-4E92-A2EF-7AE0154B90EF}"
EndProject
Project("{FAE04EC0-301F-11D3-BF4B-00C04F79EFBC}") = "Shop.Web", "Shop.Web\Shop.Web.csproj", "{90493726-3C17-4A30-8318-235BB5D9D9D1}"
EndProject
Project("{FAE04EC0-301F-11D3-BF4B-00C04F79EFBC}") = "Shop.BLL", "Shop.BLL\Shop.BLL.csproj", "{F2383590-A088-4DB1-8860-A0209BC5318C}"
EndProject
Project("{FAE04EC0-301F-11D3-BF4B-00C04F79EFBC}") = "Shop.Common", "Shop.Common\Shop.Common.csproj", "{9DC956A3-B85F-4EF8-9A76-16D397C502C9}"
EndProject
Project("{FAE04EC0-301F-11D3-BF4B-00C04F79EFBC}") = "Shop.Log", "Shop.Log\Shop.Log.csproj", "{6338C302-50A6-44CA-80EE-674B1C380EDB}"
EndProject
Project("{FAE04EC0-301F-11D3-BF4B-00C04F79EFBC}") = "Shop.DAL", "Shop.DAL\Shop.DAL.csproj", "{760C6123-65CA-4B9A-85C8-59E1AD7C2304}"
EndProject
Project("{FAE04EC0-301F-11D3-BF4B-00C04F79EFBC}") = "Shop.Model", "Shop.Model\Shop.Model.csproj", "{F20A61F3-DC3E-451F-B1CF-FDE95C304A38}"
EndProject
Global
	GlobalSection(SolutionConfigurationPlatforms) = preSolution
		Debug|Any CPU = Debug|Any CPU
		Release|Any CPU = Release|Any CPU
	EndGlobalSection
	GlobalSection(ProjectConfigurationPlatforms) = postSolution
		{AC0082AC-5E07-4E92-A2EF-7AE0154B90EF}.Debug|Any CPU.ActiveCfg = Debug|Any CPU
		{AC0082AC-5E07-4E92-A2EF-7AE0154B90EF}.Debug|Any CPU.Build.0 = Debug|Any CPU
		{AC0082AC-5E07-4E92-A2EF-7AE0154B90EF}.Release|Any CPU.ActiveCfg = Release|Any CPU
		{AC0082AC-5E07-4E92-A2EF-7AE0154B90EF}.Release|Any CPU.Build.0 = Release|Any CPU
		{90493726-3C17-4A30-8318-235BB5D9D9D1}.Debug|Any CPU.ActiveCfg = Debug|Any CPU
		{90493726-3C17-4A30-8318-235BB5D9D9D1}.Debug|Any CPU.Build.0 = Debug|Any CPU
		{90493726-3C17-4A30-8318-235BB5D9D9D1}.Release|Any CPU.ActiveCfg = Release|Any CPU
		{90493726-3C17-4A30-8318-235BB5D9D9D1}.Release|Any CPU.Build.0 = Release|Any CPU
		{F2383590-A088-4DB1-8860-A0209BC5318C}.Debug|Any CPU.ActiveCfg = Debug|Any CPU
		{F2383590-A088-4DB1-8860-A0209BC5318C}.Debug|Any CPU.Build.0 = Debug|Any CPU
		{F2383590-A088-4DB1-8860-A0209BC5318C}.Release|Any CPU.ActiveCfg = Release|Any CPU
		{F2383590-A088-4DB1-8860-A0209BC5318C}.Release|Any CPU.Build.0 = Release|Any CPU
		{9DC956A3-B85F-4EF8-9A76-16D397C502C9}.Debug|Any CPU.ActiveCfg = Debug|Any CPU
		{9DC956A3-B85F-4EF8-9A76-16D397C502C9}.Debug|Any CPU.Build.0 = Debug|Any CPU
		{9DC956A3-B85F-4EF8-9A76-16D397C502C9}.Release|Any CPU.ActiveCfg = Release|Any CPU
		{9DC956A3-B85F-4EF8-9A76-16D397C502C9}.Release|Any CPU.Build.0 = Release|Any CPU
		{6338C302-50A6-44CA-80EE-674B1C380EDB}.Debug|Any CPU.ActiveCfg = Debug|Any CPU
		{6338C302-50A6-44CA-80EE-674B1C380EDB}.Debug|Any CPU.Build.0 = Debug|Any CPU
		{6338C302-50A6-44CA-80EE-674B1C380EDB}.Release|Any CPU.ActiveCfg = Release|Any CPU
		{6338C302-50A6-44CA-80EE-674B1C380EDB}.Release|Any CPU.Build.0 = Release|Any CPU
		{760C6123-65CA-4B9A-85C8-59E1AD7C2304}.Debug|Any CPU.ActiveCfg = Debug|Any CPU
		{760C6123-65CA-4B9A-85C8-59E1AD7C2304}.Debug|Any CPU.Build.0 = Debug|Any CPU
		{760C6123-65CA-4B9A-85C8-59E1AD7C2304}.Release|Any CPU.ActiveCfg = Release|Any CPU
		{760C6123-65CA-4B9A-85C8-59E1AD7C2304}.Release|Any CPU.Build.0 = Release|Any CPU
		{F20A61F3-DC3E-451F-B1CF-FDE95C304A38}.Debug|Any CPU.ActiveCfg = Debug|Any CPU
		{F20A61F3-DC3E-451F-B1CF-FDE95C304A38}.Debug|Any CPU.Build.0 = Debug|Any CPU
		{F20A61F3-DC3E-451F-B1CF-FDE95C304A38}.Release|Any CPU.ActiveCfg = Release|Any CPU
		{F20A61F3-DC3E-451F-B1CF-FDE95C304A38}.Release|Any CPU.Build.0 = Release|Any CPU
	EndGlobalSection
	GlobalSection(SolutionProperties) = preSolution
		HideSolutionNode = FALSE
	EndGlobalSection
	GlobalSection(NestedProjects) = preSolution
		{AC0082AC-5E07-4E92-A2EF-7AE0154B90EF} = {917FFD53-A623-4A22-86A0-4C316FBE67EC}
		{90493726-3C17-4A30-8318-235BB5D9D9D1} = {917FFD53-A623-4A22-86A0-4C316FBE67EC}
		{F20A61F3-DC3E-451F-B1CF-FDE95C304A38} = {74DA7A5B-CEC1-4A69-8036-31859A421BEA}
		{760C6123-65CA-4B9A-85C8-59E1AD7C2304} = {2EA10A4C-26F6-41BF-BC4F-AAA4D892E73A}
		{F2383590-A088-4DB1-8860-A0209BC5318C} = {2742C2CD-D25C-4F79-8DB4-00C3F1F2AB78}
		{9DC956A3-B85F-4EF8-9A76-16D397C502C9} = {1EA4D8D8-6357-4521-A7F2-B397B958812E}
		{6338C302-50A6-44CA-80EE-674B1C380EDB} = {1EA4D8D8-6357-4521-A7F2-B397B958812E}
	EndGlobalSection
EndGlobal
